
Microsoft Visual Studio Solution File, Format Version 12.00
# Visual Studio Version 17
VisualStudioVersion = 17.7.34221.43
MinimumVisualStudioVersion = 10.0.40219.1
Project("{9A19103F-16F7-4668-BE54-9A1E7A4F7556}") = "FirstWeb.API", "FirstWeb.API\FirstWeb.API.csproj", "{87DF476F-65A1-4409-8787-3DB3D92D2013}"
EndProject
Project("{FAE04EC0-301F-11D3-BF4B-00C04F79EFBC}") = "FirstWebAPI.Tests", "FirstWebAPI.Tests\FirstWebAPI.Tests.csproj", "{461507AF-08F6-4F91-8F50-8114A2CBF51A}"
EndProject
Global
	GlobalSection(SolutionConfigurationPlatforms) = preSolution
		Debug|Any CPU = Debug|Any CPU
		Release|Any CPU = Release|Any CPU
	EndGlobalSection
	GlobalSection(ProjectConfigurationPlatforms) = postSolution
		{87DF476F-65A1-4409-8787-3DB3D92D2013}.Debug|Any CPU.ActiveCfg = Debug|Any CPU
		{87DF476F-65A1-4409-8787-3DB3D92D2013}.Debug|Any CPU.Build.0 = Debug|Any CPU
		{87DF476F-65A1-4409-8787-3DB3D92D2013}.Release|Any CPU.ActiveCfg = Release|Any CPU
		{87DF476F-65A1-4409-8787-3DB3D92D2013}.Release|Any CPU.Build.0 = Release|Any CPU
		{461507AF-08F6-4F91-8F50-8114A2CBF51A}.Debug|Any CPU.ActiveCfg = Debug|Any CPU
		{461507AF-08F6-4F91-8F50-8114A2CBF51A}.Debug|Any CPU.Build.0 = Debug|Any CPU
		{461507AF-08F6-4F91-8F50-8114A2CBF51A}.Release|Any CPU.ActiveCfg = Release|Any CPU
		{461507AF-08F6-4F91-8F50-8114A2CBF51A}.Release|Any CPU.Build.0 = Release|Any CPU
	EndGlobalSection
	GlobalSection(SolutionProperties) = preSolution
		HideSolutionNode = FALSE
	EndGlobalSection
	GlobalSection(ExtensibilityGlobals) = postSolution
		SolutionGuid = {35D655CA-D4CC-4677-9B93-AFEB3458E6F5}
	EndGlobalSection
EndGlobal
